
Microsoft Visual Studio Solution File, Format Version 12.00
# Visual Studio Version 16
VisualStudioVersion = 16.0.30011.22
MinimumVisualStudioVersion = 10.0.40219.1
Project("{9A19103F-16F7-4668-BE54-9A1E7A4F7556}") = "UKParliament.CodeTest.Web", "UKParliament.CodeTest.Web\UKParliament.CodeTest.Web.csproj", "{1BBB4CA7-3827-4FCA-907C-F8518BD90CFD}"
EndProject
Project("{FAE04EC0-301F-11D3-BF4B-00C04F79EFBC}") = "UKParliament.CodeTest.Services", "UKParliament.CodeTest.Services\UKParliament.CodeTest.Services.csproj", "{D9FD4091-7E78-48E6-BA44-0F218D9FD646}"
EndProject
Project("{FAE04EC0-301F-11D3-BF4B-00C04F79EFBC}") = "UKParliament.CodeTest.Data", "UKParliament.CodeTest.Data\UKParliament.CodeTest.Data.csproj", "{ACA51D5E-6A1A-4000-8D8B-DF6BAF15C2B3}"
EndProject
Project("{FAE04EC0-301F-11D3-BF4B-00C04F79EFBC}") = "UKParliament.CodeTest.Test", "UKParliament.CodeTest.Test\UKParliament.CodeTest.Test.csproj", "{91E57CFF-FE51-4C1F-8C1A-D50EF0D98F59}"
EndProject
Global
	GlobalSection(SolutionConfigurationPlatforms) = preSolution
		Debug|Any CPU = Debug|Any CPU
		Release|Any CPU = Release|Any CPU
	EndGlobalSection
	GlobalSection(ProjectConfigurationPlatforms) = postSolution
		{1BBB4CA7-3827-4FCA-907C-F8518BD90CFD}.Debug|Any CPU.ActiveCfg = Debug|Any CPU
		{1BBB4CA7-3827-4FCA-907C-F8518BD90CFD}.Debug|Any CPU.Build.0 = Debug|Any CPU
		{1BBB4CA7-3827-4FCA-907C-F8518BD90CFD}.Release|Any CPU.ActiveCfg = Release|Any CPU
		{1BBB4CA7-3827-4FCA-907C-F8518BD90CFD}.Release|Any CPU.Build.0 = Release|Any CPU
		{D9FD4091-7E78-48E6-BA44-0F218D9FD646}.Debug|Any CPU.ActiveCfg = Debug|Any CPU
		{D9FD4091-7E78-48E6-BA44-0F218D9FD646}.Debug|Any CPU.Build.0 = Debug|Any CPU
		{D9FD4091-7E78-48E6-BA44-0F218D9FD646}.Release|Any CPU.ActiveCfg = Release|Any CPU
		{D9FD4091-7E78-48E6-BA44-0F218D9FD646}.Release|Any CPU.Build.0 = Release|Any CPU
		{ACA51D5E-6A1A-4000-8D8B-DF6BAF15C2B3}.Debug|Any CPU.ActiveCfg = Debug|Any CPU
		{ACA51D5E-6A1A-4000-8D8B-DF6BAF15C2B3}.Debug|Any CPU.Build.0 = Debug|Any CPU
		{ACA51D5E-6A1A-4000-8D8B-DF6BAF15C2B3}.Release|Any CPU.ActiveCfg = Release|Any CPU
		{ACA51D5E-6A1A-4000-8D8B-DF6BAF15C2B3}.Release|Any CPU.Build.0 = Release|Any CPU
		{91E57CFF-FE51-4C1F-8C1A-D50EF0D98F59}.Debug|Any CPU.ActiveCfg = Debug|Any CPU
		{91E57CFF-FE51-4C1F-8C1A-D50EF0D98F59}.Debug|Any CPU.Build.0 = Debug|Any CPU
		{91E57CFF-FE51-4C1F-8C1A-D50EF0D98F59}.Release|Any CPU.ActiveCfg = Release|Any CPU
		{91E57CFF-FE51-4C1F-8C1A-D50EF0D98F59}.Release|Any CPU.Build.0 = Release|Any CPU
	EndGlobalSection
	GlobalSection(SolutionProperties) = preSolution
		HideSolutionNode = FALSE
	EndGlobalSection
	GlobalSection(ExtensibilityGlobals) = postSolution
		SolutionGuid = {701AB89F-DE2B-499A-B776-0970435CB5F1}
	EndGlobalSection
EndGlobal
